
Microsoft Visual Studio Solution File, Format Version 12.00
# Visual Studio Version 17
VisualStudioVersion = 17.7.34202.233
MinimumVisualStudioVersion = 10.0.40219.1
Project("{9A19103F-16F7-4668-BE54-9A1E7A4F7556}") = "MagazineOfSCP", "MagazineOfSCP\MagazineOfSCP.csproj", "{139A2A77-048B-4167-856C-6FC0F9D1DFEF}"
EndProject
Project("{9A19103F-16F7-4668-BE54-9A1E7A4F7556}") = "MagazineOfSCPTests", "MagazineOfSCPTests\MagazineOfSCPTests.csproj", "{014281A3-8189-4F3E-9FE6-E824FFBDB30C}"
EndProject
Project("{FAE04EC0-301F-11D3-BF4B-00C04F79EFBC}") = "TestProject1", "TestProject1\TestProject1.csproj", "{3721567A-1305-48B4-ACB3-AA0484054494}"
EndProject
Global
	GlobalSection(SolutionConfigurationPlatforms) = preSolution
		Debug|Any CPU = Debug|Any CPU
		Release|Any CPU = Release|Any CPU
	EndGlobalSection
	GlobalSection(ProjectConfigurationPlatforms) = postSolution
		{139A2A77-048B-4167-856C-6FC0F9D1DFEF}.Debug|Any CPU.ActiveCfg = Debug|Any CPU
		{139A2A77-048B-4167-856C-6FC0F9D1DFEF}.Debug|Any CPU.Build.0 = Debug|Any CPU
		{139A2A77-048B-4167-856C-6FC0F9D1DFEF}.Release|Any CPU.ActiveCfg = Release|Any CPU
		{139A2A77-048B-4167-856C-6FC0F9D1DFEF}.Release|Any CPU.Build.0 = Release|Any CPU
		{014281A3-8189-4F3E-9FE6-E824FFBDB30C}.Debug|Any CPU.ActiveCfg = Debug|Any CPU
		{014281A3-8189-4F3E-9FE6-E824FFBDB30C}.Debug|Any CPU.Build.0 = Debug|Any CPU
		{014281A3-8189-4F3E-9FE6-E824FFBDB30C}.Release|Any CPU.ActiveCfg = Release|Any CPU
		{014281A3-8189-4F3E-9FE6-E824FFBDB30C}.Release|Any CPU.Build.0 = Release|Any CPU
		{3721567A-1305-48B4-ACB3-AA0484054494}.Debug|Any CPU.ActiveCfg = Debug|Any CPU
		{3721567A-1305-48B4-ACB3-AA0484054494}.Debug|Any CPU.Build.0 = Debug|Any CPU
		{3721567A-1305-48B4-ACB3-AA0484054494}.Release|Any CPU.ActiveCfg = Release|Any CPU
		{3721567A-1305-48B4-ACB3-AA0484054494}.Release|Any CPU.Build.0 = Release|Any CPU
	EndGlobalSection
	GlobalSection(SolutionProperties) = preSolution
		HideSolutionNode = FALSE
	EndGlobalSection
	GlobalSection(ExtensibilityGlobals) = postSolution
		SolutionGuid = {44EFAF09-7A45-4970-8BE6-C3E74507D1C6}
	EndGlobalSection
EndGlobal
